github.com/dottics/dutil v0.1.0 h1:HRfdSsSNLWeV/QHNboQIl9xSbthc37HlZWX5stHd9+8=
github.com/dottics/dutil v0.1.0/go.mod h1:UqhesIdv+aHE5UbQKNTmN3lqg8hcZfuAW+IeP6lgNUY=
github.com/google/uuid v1.3.0 h1:t6JiXgmwXMjEs8VusXIJk2BXHsn+wx8BZdTaoZ5fu7I=
github.com/google/uuid v1.3.0/go.mod h1:TIyPZe4MgqvfeYDBFedMoGGpEw/LqOeaOT+nhxU+yHo=
