github.com/dottics/dutil v0.1.0 h1:HRfdSsSNLWeV/QHNboQIl9xSbthc37HlZWX5stHd9+8=
github.com/dottics/dutil v0.1.0/go.mod h1:UqhesIdv+aHE5UbQKNTmN3lqg8hcZfuAW+IeP6lgNUY=
github.com/google/uuid v1.3.0 h1:t6JiXgmwXMjEs8VusXIJk2BXHsn+wx8BZdTaoZ5fu7I=
github.com/google/uuid v1.3.0/go.mod h1:TIyPZe4MgqvfeYDBFedMoGGpEw/LqOeaOT+nhxU+yHo=
github.com/johannesscr/micro v0.1.1 h1:iY/sOXqj/BPKGEsSIgTfbkoW4AiUdpIQgx6fcDWwTRM=
github.com/johannesscr/micro v0.1.1/go.mod h1:6iueg8ffr1CTH5sS30RKZvtYhY/3hXZRFAUGgiANUL4=
